
Microsoft Visual Studio Solution File, Format Version 12.00
# Visual Studio 15
VisualStudioVersion = 15.0.27130.2010
MinimumVisualStudioVersion = 10.0.40219.1
Project("{FAE04EC0-301F-11D3-BF4B-00C04F79EFBC}") = "Snai.File.FileOperation", "Snai.File.FileOperation\Snai.File.FileOperation.csproj", "{3657B092-23A4-4268-ABBB-8231957D8DD4}"
EndProject
Global
	GlobalSection(SolutionConfigurationPlatforms) = preSolution
		Debug|Any CPU = Debug|Any CPU
		Release|Any CPU = Release|Any CPU
	EndGlobalSection
	GlobalSection(ProjectConfigurationPlatforms) = postSolution
		{3657B092-23A4-4268-ABBB-8231957D8DD4}.Debug|Any CPU.ActiveCfg = Debug|Any CPU
		{3657B092-23A4-4268-ABBB-8231957D8DD4}.Debug|Any CPU.Build.0 = Debug|Any CPU
		{3657B092-23A4-4268-ABBB-8231957D8DD4}.Release|Any CPU.ActiveCfg = Release|Any CPU
		{3657B092-23A4-4268-ABBB-8231957D8DD4}.Release|Any CPU.Build.0 = Release|Any CPU
	EndGlobalSection
	GlobalSection(SolutionProperties) = preSolution
		HideSolutionNode = FALSE
	EndGlobalSection
	GlobalSection(ExtensibilityGlobals) = postSolution
		SolutionGuid = {D5FDC2B5-C3E4-4B21-BAC7-E76D98E31C2E}
	EndGlobalSection
EndGlobal
